{
  "name": "uni_phone",
  "version": "1.0.0",
  "lockfileVersion": 1,
  "requires": true,
  "dependencies": {
    "adcell": {
      "version": "1.0.6",
      "resolved": "https://registry.npmjs.org/adcell/-/adcell-1.0.6.tgz",
      "integrity": "sha512-QnZjZUY+RFZec/fl9vZE4nVzo1KvlG1vWwXYxKJPWo2xTZUFKCliZvyp1poUhwr4VuYl5rmb/YqeE0672quhaQ=="
    },
    "js-base64": {
      "version": "2.5.2",
      "resolved": "https://registry.npmjs.org/js-base64/-/js-base64-2.5.2.tgz",
      "integrity": "sha512-Vg8czh0Q7sFBSUMWWArX/miJeBWYBPpdU/3M/DKSaekLMqrqVPaedp+5mZhie/r0lgrcaYBfwXatEew6gwgiQQ=="
    },
    "jweixin-module": {
      "version": "1.6.0",
      "resolved": "https://registry.npmjs.org/jweixin-module/-/jweixin-module-1.6.0.tgz",
      "integrity": "sha512-dGk9cf+ipipHmtzYmKZs5B2toX+p4hLyllGLF6xuC8t+B05oYxd8fYoaRz0T30U2n3RUv8a4iwvjhA+OcYz52w=="
    },
    "uni-hold-tabbar": {
      "version": "1.0.0",
      "resolved": "https://registry.npmjs.org/uni-hold-tabbar/-/uni-hold-tabbar-1.0.0.tgz",
      "integrity": "sha512-y2aeK5x5+znct18UiD8/LHX3F6ilOPHWRuJgA72+FbEmrzKE4otXRqiRZDqhifo0Zq4mby/wIRzKyiEyOCq5iQ=="
    },
    "uni-simple-router": {
      "version": "1.5.3",
      "resolved": "https://registry.npmjs.org/uni-simple-router/-/uni-simple-router-1.5.3.tgz",
      "integrity": "sha512-hhJJ991rMJanbcoFTqSUmCAN89gpD2XKAZ2ISW5UtS1W9HKGlxNK3vhjDHk5pfZrmU92UYkooOUGa3sJjh3Bwg==",
      "requires": {
        "uni-hold-tabbar": "^1.0.0"
      }
    },
    "vconsole": {
      "version": "3.3.4",
      "resolved": "https://registry.npmjs.org/vconsole/-/vconsole-3.3.4.tgz",
      "integrity": "sha512-9yihsic96NPoMLQx/lCQwH9d89H0bbMW3LZPzo/t4yGQcS1X+vTCe9OHm1XSH7WNxzGDmcSwBiKLsFGwvJpQBg=="
    },
    "weixin-js-sdk": {
      "version": "1.6.0",
      "resolved": "https://registry.npmjs.org/weixin-js-sdk/-/weixin-js-sdk-1.6.0.tgz",
      "integrity": "sha512-3IYQH7aalJGFJrwdT3epvTdR1MboMiH7vIZ5BRL2eYOJ12BNah7csoMkmSZzkq1+l92sSq29XdTCVjCJoK2sBQ==",
      "dev": true
    }
  }
}
